
Microsoft Visual Studio Solution File, Format Version 12.00
# Visual Studio Version 16
VisualStudioVersion = 16.0.30517.126
MinimumVisualStudioVersion = 10.0.40219.1
Project("{FAE04EC0-301F-11D3-BF4B-00C04F79EFBC}") = "ConsoleApp5", "ConsoleApp5\ConsoleApp5.csproj", "{955CDA6B-7246-486C-A6A9-26DE5B19FA9F}"
EndProject
Global
	GlobalSection(SolutionConfigurationPlatforms) = preSolution
		Debug|Any CPU = Debug|Any CPU
		Release|Any CPU = Release|Any CPU
	EndGlobalSection
	GlobalSection(ProjectConfigurationPlatforms) = postSolution
		{955CDA6B-7246-486C-A6A9-26DE5B19FA9F}.Debug|Any CPU.ActiveCfg = Debug|Any CPU
		{955CDA6B-7246-486C-A6A9-26DE5B19FA9F}.Debug|Any CPU.Build.0 = Debug|Any CPU
		{955CDA6B-7246-486C-A6A9-26DE5B19FA9F}.Release|Any CPU.ActiveCfg = Release|Any CPU
		{955CDA6B-7246-486C-A6A9-26DE5B19FA9F}.Release|Any CPU.Build.0 = Release|Any CPU
	EndGlobalSection
	GlobalSection(SolutionProperties) = preSolution
		HideSolutionNode = FALSE
	EndGlobalSection
	GlobalSection(ExtensibilityGlobals) = postSolution
		SolutionGuid = {EBEEB495-A605-473F-A7DD-EB872D5A48DF}
	EndGlobalSection
EndGlobal
